
Microsoft Visual Studio Solution File, Format Version 12.00
# Visual Studio Version 16
VisualStudioVersion = 16.0.30011.22
MinimumVisualStudioVersion = 10.0.40219.1
Project("{FAE04EC0-301F-11D3-BF4B-00C04F79EFBC}") = "GADE_6112_19195640", "GADE_6112_19195640\GADE_6112_19195640.csproj", "{56310D56-CC50-49AA-A726-96591D90A201}"
EndProject
Global
	GlobalSection(SolutionConfigurationPlatforms) = preSolution
		Debug|Any CPU = Debug|Any CPU
		Release|Any CPU = Release|Any CPU
	EndGlobalSection
	GlobalSection(ProjectConfigurationPlatforms) = postSolution
		{56310D56-CC50-49AA-A726-96591D90A201}.Debug|Any CPU.ActiveCfg = Debug|Any CPU
		{56310D56-CC50-49AA-A726-96591D90A201}.Debug|Any CPU.Build.0 = Debug|Any CPU
		{56310D56-CC50-49AA-A726-96591D90A201}.Release|Any CPU.ActiveCfg = Release|Any CPU
		{56310D56-CC50-49AA-A726-96591D90A201}.Release|Any CPU.Build.0 = Release|Any CPU
	EndGlobalSection
	GlobalSection(SolutionProperties) = preSolution
		HideSolutionNode = FALSE
	EndGlobalSection
	GlobalSection(ExtensibilityGlobals) = postSolution
		SolutionGuid = {F8D21A25-A847-4E95-A66D-EADF7FF44E38}
	EndGlobalSection
EndGlobal
